<?xml version="1.0" encoding="utf-8"?>
<Project ToolsVersion="4.0" xmlns="http://schemas.microsoft.com/developer/msbuild/2003">
  <ItemGroup>
    <Filter Include="소스 파일">
      <UniqueIdentifier>{4FC737F1-C7A5-4376-A066-2A32D752A2FF}</UniqueIdentifier>
      <Extensions>cpp;c;cc;cxx;c++;cppm;ixx;def;odl;idl;hpj;bat;asm;asmx</Extensions>
    </Filter>
    <Filter Include="헤더 파일">
      <UniqueIdentifier>{93995380-89BD-4b04-88EB-625FBE52EBFB}</UniqueIdentifier>
      <Extensions>h;hh;hpp;hxx;h++;hm;inl;inc;ipp;xsd</Extensions>
    </Filter>
    <Filter Include="리소스 파일">
      <UniqueIdentifier>{67DA6AB6-F800-4c08-8B7A-83BB121AAD01}</UniqueIdentifier>
      <Extensions>rc;ico;cur;bmp;dlg;rc2;rct;bin;rgs;gif;jpg;jpeg;jpe;resx;tiff;tif;png;wav;mfcribbon-ms</Extensions>
    </Filter>
  </ItemGroup>
  <ItemGroup>
    <ClCompile Include="0.이론.cpp">
      <Filter>소스 파일</Filter>
    </ClCompile>
    <ClCompile Include="0.template.cpp">
      <Filter>소스 파일</Filter>
    </ClCompile>
    <ClCompile Include="1.pointers.cpp">
      <Filter>소스 파일</Filter>
    </ClCompile>
    <ClCompile Include="2.try-catch.cpp">
      <Filter>소스 파일</Filter>
    </ClCompile>
    <ClCompile Include="3.const.cpp">
      <Filter>소스 파일</Filter>
    </ClCompile>
    <ClCompile Include="4-1.friend.cpp">
      <Filter>소스 파일</Filter>
    </ClCompile>
    <ClCompile Include="4-2.friend.cpp">
      <Filter>소스 파일</Filter>
    </ClCompile>
    <ClCompile Include="6-1.class operator.cpp">
      <Filter>소스 파일</Filter>
    </ClCompile>
    <ClCompile Include="6-2.class operator.cpp">
      <Filter>소스 파일</Filter>
    </ClCompile>
    <ClCompile Include="7.동적할당.cpp">
      <Filter>소스 파일</Filter>
    </ClCompile>
    <ClCompile Include="8.copy constructor.cpp">
      <Filter>소스 파일</Filter>
    </ClCompile>
    <ClCompile Include="9-1.상속.cpp">
      <Filter>소스 파일</Filter>
    </ClCompile>
    <ClCompile Include="9-2.상속.cpp">
      <Filter>소스 파일</Filter>
    </ClCompile>
    <ClCompile Include="10.node.cpp">
      <Filter>소스 파일</Filter>
    </ClCompile>
    <ClCompile Include="11.upriding.cpp">
      <Filter>소스 파일</Filter>
    </ClCompile>
    <ClCompile Include="12.virtual function.cpp">
      <Filter>소스 파일</Filter>
    </ClCompile>
    <ClCompile Include="13.다중상속.cpp">
      <Filter>소스 파일</Filter>
    </ClCompile>
    <ClCompile Include="time.cpp">
      <Filter>소스 파일</Filter>
    </ClCompile>
    <ClCompile Include="5.this.cpp">
      <Filter>소스 파일</Filter>
    </ClCompile>
  </ItemGroup>
  <ItemGroup>
    <ClInclude Include="time.h">
      <Filter>헤더 파일</Filter>
    </ClInclude>
  </ItemGroup>
</Project>